// !$*UTF8*$!
{
	archiveVersion = 1;
	classes = {
	};
	objectVersion = 52;
	objects = {

/* Begin PBXBuildFile section */
		640318A124BF11FC00863F5A /* MyImageView.swift in Sources */ = {isa = PBXBuildFile; fileRef = 640318A024BF11FC00863F5A /* MyImageView.swift */; };
		640318A324BF186200863F5A /* SummaryView.swift in Sources */ = {isa = PBXBuildFile; fileRef = 640318A224BF186200863F5A /* SummaryView.swift */; };
		6404B093257B6C190093731A /* UserSettings.swift in Sources */ = {isa = PBXBuildFile; fileRef = 6404B092257B6C190093731A /* UserSettings.swift */; };
		642369142569EA82009CEC44 /* RandomTipView.swift in Sources */ = {isa = PBXBuildFile; fileRef = 642369132569EA82009CEC44 /* RandomTipView.swift */; };
		6433001624C8E66800A553A4 /* CountrySummaryView.swift in Sources */ = {isa = PBXBuildFile; fileRef = 6433001524C8E66800A553A4 /* CountrySummaryView.swift */; };
		643CE87F24BF7CCA009AD741 /* BlurView.swift in Sources */ = {isa = PBXBuildFile; fileRef = 643CE87E24BF7CCA009AD741 /* BlurView.swift */; };
		643CE88224BFB278009AD741 /* Lottie in Frameworks */ = {isa = PBXBuildFile; productRef = 643CE88124BFB278009AD741 /* Lottie */; };
		643CE8BC24BFB38D009AD741 /* Switch.json in Resources */ = {isa = PBXBuildFile; fileRef = 643CE88424BFB38D009AD741 /* Switch.json */; };
		643CE8BD24BFB38D009AD741 /* TwitterHeart.json in Resources */ = {isa = PBXBuildFile; fileRef = 643CE88524BFB38D009AD741 /* TwitterHeart.json */; };
		643CE8BE24BFB38D009AD741 /* 9squares-AlBoardman.json in Resources */ = {isa = PBXBuildFile; fileRef = 643CE88624BFB38D009AD741 /* 9squares-AlBoardman.json */; };
		643CE8BF24BFB38D009AD741 /* MotionCorpse-Jrcanest.json in Resources */ = {isa = PBXBuildFile; fileRef = 643CE88724BFB38D009AD741 /* MotionCorpse-Jrcanest.json */; };
		643CE8C024BFB38D009AD741 /* TwitterHeartButton.json in Resources */ = {isa = PBXBuildFile; fileRef = 643CE88824BFB38D009AD741 /* TwitterHeartButton.json */; };
		643CE8C124BFB38D009AD741 /* T.json in Resources */ = {isa = PBXBuildFile; fileRef = 643CE88A24BFB38D009AD741 /* T.json */; };
		643CE8C224BFB38D009AD741 /* A.json in Resources */ = {isa = PBXBuildFile; fileRef = 643CE88B24BFB38D009AD741 /* A.json */; };
		643CE8C324BFB38D009AD741 /* X.json in Resources */ = {isa = PBXBuildFile; fileRef = 643CE88C24BFB38D009AD741 /* X.json */; };
		643CE8C424BFB38D009AD741 /* BlinkingCursor.json in Resources */ = {isa = PBXBuildFile; fileRef = 643CE88D24BFB38D009AD741 /* BlinkingCursor.json */; };
		643CE8C524BFB38D009AD741 /* M.json in Resources */ = {isa = PBXBuildFile; fileRef = 643CE88E24BFB38D009AD741 /* M.json */; };
		643CE8C624BFB38D009AD741 /* L.json in Resources */ = {isa = PBXBuildFile; fileRef = 643CE88F24BFB38D009AD741 /* L.json */; };
		643CE8C724BFB38D009AD741 /* Y.json in Resources */ = {isa = PBXBuildFile; fileRef = 643CE89024BFB38D009AD741 /* Y.json */; };
		643CE8C824BFB38D009AD741 /* U.json in Resources */ = {isa = PBXBuildFile; fileRef = 643CE89124BFB38D009AD741 /* U.json */; };
		643CE8C924BFB38D009AD741 /* K.json in Resources */ = {isa = PBXBuildFile; fileRef = 643CE89224BFB38D009AD741 /* K.json */; };
		643CE8CA24BFB38D009AD741 /* R.json in Resources */ = {isa = PBXBuildFile; fileRef = 643CE89324BFB38D009AD741 /* R.json */; };
		643CE8CB24BFB38D009AD741 /* G.json in Resources */ = {isa = PBXBuildFile; fileRef = 643CE89424BFB38D009AD741 /* G.json */; };
		643CE8CC24BFB38D009AD741 /* F.json in Resources */ = {isa = PBXBuildFile; fileRef = 643CE89524BFB38D009AD741 /* F.json */; };
		643CE8CD24BFB38D009AD741 /* S.json in Resources */ = {isa = PBXBuildFile; fileRef = 643CE89624BFB38D009AD741 /* S.json */; };
		643CE8CE24BFB38D009AD741 /* J.json in Resources */ = {isa = PBXBuildFile; fileRef = 643CE89724BFB38D009AD741 /* J.json */; };
		643CE8CF24BFB38D009AD741 /* I.json in Resources */ = {isa = PBXBuildFile; fileRef = 643CE89824BFB38D009AD741 /* I.json */; };
		643CE8D024BFB38D009AD741 /* E.json in Resources */ = {isa = PBXBuildFile; fileRef = 643CE89924BFB38D009AD741 /* E.json */; };
		643CE8D124BFB38D009AD741 /* Apostrophe.json in Resources */ = {isa = PBXBuildFile; fileRef = 643CE89A24BFB38D009AD741 /* Apostrophe.json */; };
		643CE8D224BFB38D009AD741 /* P.json in Resources */ = {isa = PBXBuildFile; fileRef = 643CE89B24BFB38D009AD741 /* P.json */; };
		643CE8D324BFB38D009AD741 /* Q.json in Resources */ = {isa = PBXBuildFile; fileRef = 643CE89C24BFB38D009AD741 /* Q.json */; };
		643CE8D424BFB38D009AD741 /* D.json in Resources */ = {isa = PBXBuildFile; fileRef = 643CE89D24BFB38D009AD741 /* D.json */; };
		643CE8D524BFB38D009AD741 /* Colon.json in Resources */ = {isa = PBXBuildFile; fileRef = 643CE89E24BFB38D009AD741 /* Colon.json */; };
		643CE8D624BFB38D009AD741 /* H.json in Resources */ = {isa = PBXBuildFile; fileRef = 643CE89F24BFB38D009AD741 /* H.json */; };
		643CE8D724BFB38D009AD741 /* C.json in Resources */ = {isa = PBXBuildFile; fileRef = 643CE8A024BFB38D009AD741 /* C.json */; };
		643CE8D824BFB38D009AD741 /* V.json in Resources */ = {isa = PBXBuildFile; fileRef = 643CE8A124BFB38D009AD741 /* V.json */; };
		643CE8D924BFB38D009AD741 /* Comma.json in Resources */ = {isa = PBXBuildFile; fileRef = 643CE8A224BFB38D009AD741 /* Comma.json */; };
		643CE8DA24BFB38D009AD741 /* O.json in Resources */ = {isa = PBXBuildFile; fileRef = 643CE8A324BFB38D009AD741 /* O.json */; };
		643CE8DB24BFB38D009AD741 /* Z.json in Resources */ = {isa = PBXBuildFile; fileRef = 643CE8A424BFB38D009AD741 /* Z.json */; };
		643CE8DC24BFB38D009AD741 /* N.json in Resources */ = {isa = PBXBuildFile; fileRef = 643CE8A524BFB38D009AD741 /* N.json */; };
		643CE8DD24BFB38D009AD741 /* W.json in Resources */ = {isa = PBXBuildFile; fileRef = 643CE8A624BFB38D009AD741 /* W.json */; };
		643CE8DE24BFB38D009AD741 /* B.json in Resources */ = {isa = PBXBuildFile; fileRef = 643CE8A724BFB38D009AD741 /* B.json */; };
		643CE8DF24BFB38D009AD741 /* HamburgerArrow.json in Resources */ = {isa = PBXBuildFile; fileRef = 643CE8A824BFB38D009AD741 /* HamburgerArrow.json */; };
		643CE8E024BFB38D009AD741 /* vcTransition1.json in Resources */ = {isa = PBXBuildFile; fileRef = 643CE8A924BFB38D009AD741 /* vcTransition1.json */; };
		643CE8E124BFB38D009AD741 /* LottieLogo2.json in Resources */ = {isa = PBXBuildFile; fileRef = 643CE8AA24BFB38D009AD741 /* LottieLogo2.json */; };
		643CE8E224BFB38D009AD741 /* Boat_Loader.json in Resources */ = {isa = PBXBuildFile; fileRef = 643CE8AB24BFB38D009AD741 /* Boat_Loader.json */; };
		643CE8E324BFB38D009AD741 /* GeometryTransformTest.json in Resources */ = {isa = PBXBuildFile; fileRef = 643CE8AC24BFB38D009AD741 /* GeometryTransformTest.json */; };
		643CE8E424BFB38D009AD741 /* Watermelon.json in Resources */ = {isa = PBXBuildFile; fileRef = 643CE8AD24BFB38D009AD741 /* Watermelon.json */; };
		643CE8E524BFB38D009AD741 /* Keypath.json in Resources */ = {isa = PBXBuildFile; fileRef = 643CE8AE24BFB38D009AD741 /* Keypath.json */; };
		643CE8E624BFB38D009AD741 /* IconTransitions.json in Resources */ = {isa = PBXBuildFile; fileRef = 643CE8AF24BFB38D009AD741 /* IconTransitions.json */; };
		643CE8E724BFB38D009AD741 /* vcTransition2.json in Resources */ = {isa = PBXBuildFile; fileRef = 643CE8B024BFB38D009AD741 /* vcTransition2.json */; };
		643CE8E824BFB38D009AD741 /* LottieLogo1.json in Resources */ = {isa = PBXBuildFile; fileRef = 643CE8B124BFB38D009AD741 /* LottieLogo1.json */; };
		643CE8E924BFB38D009AD741 /* base64Test.json in Resources */ = {isa = PBXBuildFile; fileRef = 643CE8B224BFB38D009AD741 /* base64Test.json */; };
		643CE8EA24BFB38D009AD741 /* Switch_States.json in Resources */ = {isa = PBXBuildFile; fileRef = 643CE8B324BFB38D009AD741 /* Switch_States.json */; };
		643CE8EB24BFB38D009AD741 /* FirstText.json in Resources */ = {isa = PBXBuildFile; fileRef = 643CE8B424BFB38D009AD741 /* FirstText.json */; };
		643CE8EC24BFB38D009AD741 /* setValueTest.json in Resources */ = {isa = PBXBuildFile; fileRef = 643CE8B524BFB38D009AD741 /* setValueTest.json */; };
		643CE8ED24BFB38D009AD741 /* Zoom.json in Resources */ = {isa = PBXBuildFile; fileRef = 643CE8B624BFB38D009AD741 /* Zoom.json */; };
		643CE8EE24BFB38D009AD741 /* keypathTest.json in Resources */ = {isa = PBXBuildFile; fileRef = 643CE8B724BFB38D009AD741 /* keypathTest.json */; };
		643CE8EF24BFB38D009AD741 /* PinJump.json in Resources */ = {isa = PBXBuildFile; fileRef = 643CE8B824BFB38D009AD741 /* PinJump.json */; };
		643CE8F024BFB38D009AD741 /* DisableNodesTest.json in Resources */ = {isa = PBXBuildFile; fileRef = 643CE8B924BFB38D009AD741 /* DisableNodesTest.json */; };
		643CE8F124BFB38D009AD741 /* LottieLogo1_masked.json in Resources */ = {isa = PBXBuildFile; fileRef = 643CE8BA24BFB38D009AD741 /* LottieLogo1_masked.json */; };
		643CE8F224BFB38D009AD741 /* timeremap.json in Resources */ = {isa = PBXBuildFile; fileRef = 643CE8BB24BFB38D009AD741 /* timeremap.json */; };
		643CE8F424BFB69A009AD741 /* LottieView.swift in Sources */ = {isa = PBXBuildFile; fileRef = 643CE8F324BFB69A009AD741 /* LottieView.swift */; };
		643E9F7524D432C500B89340 /* PrecautionsView.swift in Sources */ = {isa = PBXBuildFile; fileRef = 643E9F7424D432C500B89340 /* PrecautionsView.swift */; };
		643E9F7724D4424700B89340 /* SettingsView.swift in Sources */ = {isa = PBXBuildFile; fileRef = 643E9F7624D4424700B89340 /* SettingsView.swift */; };
		646C0DB4256B1508004B1871 /* BackgroundSubView.swift in Sources */ = {isa = PBXBuildFile; fileRef = 646C0DB3256B1508004B1871 /* BackgroundSubView.swift */; };
		647526B724C6386B00196D60 /* 17856-defender-coronavirus.json in Resources */ = {isa = PBXBuildFile; fileRef = 647526B624C6386B00196D60 /* 17856-defender-coronavirus.json */; };
		6497DB9E24C6274F007309BF /* 21163-washing-hands.json in Resources */ = {isa = PBXBuildFile; fileRef = 6497DB9D24C6274F007309BF /* 21163-washing-hands.json */; };
		649ED2C424BF03CE00769554 /* AppDelegate.swift in Sources */ = {isa = PBXBuildFile; fileRef = 649ED2C324BF03CE00769554 /* AppDelegate.swift */; };
		649ED2C624BF03CE00769554 /* SceneDelegate.swift in Sources */ = {isa = PBXBuildFile; fileRef = 649ED2C524BF03CE00769554 /* SceneDelegate.swift */; };
		649ED2C824BF03CE00769554 /* ContentView.swift in Sources */ = {isa = PBXBuildFile; fileRef = 649ED2C724BF03CE00769554 /* ContentView.swift */; };
		649ED2CA24BF03CF00769554 /* Assets.xcassets in Resources */ = {isa = PBXBuildFile; fileRef = 649ED2C924BF03CF00769554 /* Assets.xcassets */; };
		649ED2CD24BF03CF00769554 /* Preview Assets.xcassets in Resources */ = {isa = PBXBuildFile; fileRef = 649ED2CC24BF03CF00769554 /* Preview Assets.xcassets */; };
		649ED2D024BF03CF00769554 /* LaunchScreen.storyboard in Resources */ = {isa = PBXBuildFile; fileRef = 649ED2CE24BF03CF00769554 /* LaunchScreen.storyboard */; };
		64CF873A24C61CDA0080BCC9 /* 19823-stay-home.json in Resources */ = {isa = PBXBuildFile; fileRef = 64CF873924C61CDA0080BCC9 /* 19823-stay-home.json */; };
		64CF873C24C620E80080BCC9 /* 18939-soap-vs-coronavirus.json in Resources */ = {isa = PBXBuildFile; fileRef = 64CF873B24C620E80080BCC9 /* 18939-soap-vs-coronavirus.json */; };
		64CF90B624C10B2E0043D2B5 /* 17801-stay-at-home.json in Resources */ = {isa = PBXBuildFile; fileRef = 64CF90B524C10B2E0043D2B5 /* 17801-stay-at-home.json */; };
		64E90E5024C135A20074DEE2 /* StartupView.swift in Sources */ = {isa = PBXBuildFile; fileRef = 64E90E4F24C135A20074DEE2 /* StartupView.swift */; };
		64E90E5224C14F9E0074DEE2 /* 17699-covid-19.json 00-32-22-391.json in Resources */ = {isa = PBXBuildFile; fileRef = 64E90E5124C14F9E0074DEE2 /* 17699-covid-19.json 00-32-22-391.json */; };
		64E90E5424C151F40074DEE2 /* 26904-world.json in Resources */ = {isa = PBXBuildFile; fileRef = 64E90E5324C151F40074DEE2 /* 26904-world.json */; };
		64F59B9224BFC2A5005729D0 /* 20546-i-stay-at-home.json in Resources */ = {isa = PBXBuildFile; fileRef = 64F59B9124BFC2A5005729D0 /* 20546-i-stay-at-home.json */; };
/* End PBXBuildFile section */

/* Begin PBXFileReference section */
		640318A024BF11FC00863F5A /* MyImageView.swift */ = {isa = PBXFileReference; lastKnownFileType = sourcecode.swift; path = MyImageView.swift; sourceTree = "<group>"; };
		640318A224BF186200863F5A /* SummaryView.swift */ = {isa = PBXFileReference; lastKnownFileType = sourcecode.swift; path = SummaryView.swift; sourceTree = "<group>"; };
		6404B092257B6C190093731A /* UserSettings.swift */ = {isa = PBXFileReference; lastKnownFileType = sourcecode.swift; path = UserSettings.swift; sourceTree = "<group>"; };
		642369132569EA82009CEC44 /* RandomTipView.swift */ = {isa = PBXFileReference; lastKnownFileType = sourcecode.swift; path = RandomTipView.swift; sourceTree = "<group>"; };
		6433001524C8E66800A553A4 /* CountrySummaryView.swift */ = {isa = PBXFileReference; lastKnownFileType = sourcecode.swift; path = CountrySummaryView.swift; sourceTree = "<group>"; };
		643CE87E24BF7CCA009AD741 /* BlurView.swift */ = {isa = PBXFileReference; lastKnownFileType = sourcecode.swift; path = BlurView.swift; sourceTree = "<group>"; };
		643CE88424BFB38D009AD741 /* Switch.json */ = {isa = PBXFileReference; fileEncoding = 4; lastKnownFileType = text.json; path = Switch.json; sourceTree = "<group>"; };
		643CE88524BFB38D009AD741 /* TwitterHeart.json */ = {isa = PBXFileReference; fileEncoding = 4; lastKnownFileType = text.json; path = TwitterHeart.json; sourceTree = "<group>"; };
		643CE88624BFB38D009AD741 /* 9squares-AlBoardman.json */ = {isa = PBXFileReference; fileEncoding = 4; lastKnownFileType = text.json; path = "9squares-AlBoardman.json"; sourceTree = "<group>"; };
		643CE88724BFB38D009AD741 /* MotionCorpse-Jrcanest.json */ = {isa = PBXFileReference; fileEncoding = 4; lastKnownFileType = text.json; path = "MotionCorpse-Jrcanest.json"; sourceTree = "<group>"; };
		643CE88824BFB38D009AD741 /* TwitterHeartButton.json */ = {isa = PBXFileReference; fileEncoding = 4; lastKnownFileType = text.json; path = TwitterHeartButton.json; sourceTree = "<group>"; };
		643CE88A24BFB38D009AD741 /* T.json */ = {isa = PBXFileReference; fileEncoding = 4; lastKnownFileType = text.json; path = T.json; sourceTree = "<group>"; };
		643CE88B24BFB38D009AD741 /* A.json */ = {isa = PBXFileReference; fileEncoding = 4; lastKnownFileType = text.json; path = A.json; sourceTree = "<group>"; };
		643CE88C24BFB38D009AD741 /* X.json */ = {isa = PBXFileReference; fileEncoding = 4; lastKnownFileType = text.json; path = X.json; sourceTree = "<group>"; };
		643CE88D24BFB38D009AD741 /* BlinkingCursor.json */ = {isa = PBXFileReference; fileEncoding = 4; lastKnownFileType = text.json; path = BlinkingCursor.json; sourceTree = "<group>"; };
		643CE88E24BFB38D009AD741 /* M.json */ = {isa = PBXFileReference; fileEncoding = 4; lastKnownFileType = text.json; path = M.json; sourceTree = "<group>"; };
		643CE88F24BFB38D009AD741 /* L.json */ = {isa = PBXFileReference; fileEncoding = 4; lastKnownFileType = text.json; path = L.json; sourceTree = "<group>"; };
		643CE89024BFB38D009AD741 /* Y.json */ = {isa = PBXFileReference; fileEncoding = 4; lastKnownFileType = text.json; path = Y.json; sourceTree = "<group>"; };
		643CE89124BFB38D009AD741 /* U.json */ = {isa = PBXFileReference; fileEncoding = 4; lastKnownFileType = text.json; path = U.json; sourceTree = "<group>"; };
		643CE89224BFB38D009AD741 /* K.json */ = {isa = PBXFileReference; fileEncoding = 4; lastKnownFileType = text.json; path = K.json; sourceTree = "<group>"; };
		643CE89324BFB38D009AD741 /* R.json */ = {isa = PBXFileReference; fileEncoding = 4; lastKnownFileType = text.json; path = R.json; sourceTree = "<group>"; };
		643CE89424BFB38D009AD741 /* G.json */ = {isa = PBXFileReference; fileEncoding = 4; lastKnownFileType = text.json; path = G.json; sourceTree = "<group>"; };
		643CE89524BFB38D009AD741 /* F.json */ = {isa = PBXFileReference; fileEncoding = 4; lastKnownFileType = text.json; path = F.json; sourceTree = "<group>"; };
		643CE89624BFB38D009AD741 /* S.json */ = {isa = PBXFileReference; fileEncoding = 4; lastKnownFileType = text.json; path = S.json; sourceTree = "<group>"; };
		643CE89724BFB38D009AD741 /* J.json */ = {isa = PBXFileReference; fileEncoding = 4; lastKnownFileType = text.json; path = J.json; sourceTree = "<group>"; };
		643CE89824BFB38D009AD741 /* I.json */ = {isa = PBXFileReference; fileEncoding = 4; lastKnownFileType = text.json; path = I.json; sourceTree = "<group>"; };
		643CE89924BFB38D009AD741 /* E.json */ = {isa = PBXFileReference; fileEncoding = 4; lastKnownFileType = text.json; path = E.json; sourceTree = "<group>"; };
		643CE89A24BFB38D009AD741 /* Apostrophe.json */ = {isa = PBXFileReference; fileEncoding = 4; lastKnownFileType = text.json; path = Apostrophe.json; sourceTree = "<group>"; };
		643CE89B24BFB38D009AD741 /* P.json */ = {isa = PBXFileReference; fileEncoding = 4; lastKnownFileType = text.json; path = P.json; sourceTree = "<group>"; };
		643CE89C24BFB38D009AD741 /* Q.json */ = {isa = PBXFileReference; fileEncoding = 4; lastKnownFileType = text.json; path = Q.json; sourceTree = "<group>"; };
		643CE89D24BFB38D009AD741 /* D.json */ = {isa = PBXFileReference; fileEncoding = 4; lastKnownFileType = text.json; path = D.json; sourceTree = "<group>"; };
		643CE89E24BFB38D009AD741 /* Colon.json */ = {isa = PBXFileReference; fileEncoding = 4; lastKnownFileType = text.json; path = Colon.json; sourceTree = "<group>"; };
		643CE89F24BFB38D009AD741 /* H.json */ = {isa = PBXFileReference; fileEncoding = 4; lastKnownFileType = text.json; path = H.json; sourceTree = "<group>"; };
		643CE8A024BFB38D009AD741 /* C.json */ = {isa = PBXFileReference; fileEncoding = 4; lastKnownFileType = text.json; path = C.json; sourceTree = "<group>"; };
		643CE8A124BFB38D009AD741 /* V.json */ = {isa = PBXFileReference; fileEncoding = 4; lastKnownFileType = text.json; path = V.json; sourceTree = "<group>"; };
		643CE8A224BFB38D009AD741 /* Comma.json */ = {isa = PBXFileReference; fileEncoding = 4; lastKnownFileType = text.json; path = Comma.json; sourceTree = "<group>"; };
		643CE8A324BFB38D009AD741 /* O.json */ = {isa = PBXFileReference; fileEncoding = 4; lastKnownFileType = text.json; path = O.json; sourceTree = "<group>"; };
		643CE8A424BFB38D009AD741 /* Z.json */ = {isa = PBXFileReference; fileEncoding = 4; lastKnownFileType = text.json; path = Z.json; sourceTree = "<group>"; };
		643CE8A524BFB38D009AD741 /* N.json */ = {isa = PBXFileReference; fileEncoding = 4; lastKnownFileType = text.json; path = N.json; sourceTree = "<group>"; };
		643CE8A624BFB38D009AD741 /* W.json */ = {isa = PBXFileReference; fileEncoding = 4; lastKnownFileType = text.json; path = W.json; sourceTree = "<group>"; };
		643CE8A724BFB38D009AD741 /* B.json */ = {isa = PBXFileReference; fileEncoding = 4; lastKnownFileType = text.json; path = B.json; sourceTree = "<group>"; };
		643CE8A824BFB38D009AD741 /* HamburgerArrow.json */ = {isa = PBXFileReference; fileEncoding = 4; lastKnownFileType = text.json; path = HamburgerArrow.json; sourceTree = "<group>"; };
		643CE8A924BFB38D009AD741 /* vcTransition1.json */ = {isa = PBXFileReference; fileEncoding = 4; lastKnownFileType = text.json; path = vcTransition1.json; sourceTree = "<group>"; };
		643CE8AA24BFB38D009AD741 /* LottieLogo2.json */ = {isa = PBXFileReference; fileEncoding = 4; lastKnownFileType = text.json; path = LottieLogo2.json; sourceTree = "<group>"; };
		643CE8AB24BFB38D009AD741 /* Boat_Loader.json */ = {isa = PBXFileReference; fileEncoding = 4; lastKnownFileType = text.json; path = Boat_Loader.json; sourceTree = "<group>"; };
		643CE8AC24BFB38D009AD741 /* GeometryTransformTest.json */ = {isa = PBXFileReference; fileEncoding = 4; lastKnownFileType = text.json; path = GeometryTransformTest.json; sourceTree = "<group>"; };
		643CE8AD24BFB38D009AD741 /* Watermelon.json */ = {isa = PBXFileReference; fileEncoding = 4; lastKnownFileType = text.json; path = Watermelon.json; sourceTree = "<group>"; };
		643CE8AE24BFB38D009AD741 /* Keypath.json */ = {isa = PBXFileReference; fileEncoding = 4; lastKnownFileType = text.json; path = Keypath.json; sourceTree = "<group>"; };
		643CE8AF24BFB38D009AD741 /* IconTransitions.json */ = {isa = PBXFileReference; fileEncoding = 4; lastKnownFileType = text.json; path = IconTransitions.json; sourceTree = "<group>"; };
		643CE8B024BFB38D009AD741 /* vcTransition2.json */ = {isa = PBXFileReference; fileEncoding = 4; lastKnownFileType = text.json; path = vcTransition2.json; sourceTree = "<group>"; };
		643CE8B124BFB38D009AD741 /* LottieLogo1.json */ = {isa = PBXFileReference; fileEncoding = 4; lastKnownFileType = text.json; path = LottieLogo1.json; sourceTree = "<group>"; };
		643CE8B224BFB38D009AD741 /* base64Test.json */ = {isa = PBXFileReference; fileEncoding = 4; lastKnownFileType = text.json; path = base64Test.json; sourceTree = "<group>"; };
		643CE8B324BFB38D009AD741 /* Switch_States.json */ = {isa = PBXFileReference; fileEncoding = 4; lastKnownFileType = text.json; path = Switch_States.json; sourceTree = "<group>"; };
		643CE8B424BFB38D009AD741 /* FirstText.json */ = {isa = PBXFileReference; fileEncoding = 4; lastKnownFileType = text.json; path = FirstText.json; sourceTree = "<group>"; };
		643CE8B524BFB38D009AD741 /* setValueTest.json */ = {isa = PBXFileReference; fileEncoding = 4; lastKnownFileType = text.json; path = setValueTest.json; sourceTree = "<group>"; };
		643CE8B624BFB38D009AD741 /* Zoom.json */ = {isa = PBXFileReference; fileEncoding = 4; lastKnownFileType = text.json; path = Zoom.json; sourceTree = "<group>"; };
		643CE8B724BFB38D009AD741 /* keypathTest.json */ = {isa = PBXFileReference; fileEncoding = 4; lastKnownFileType = text.json; path = keypathTest.json; sourceTree = "<group>"; };
		643CE8B824BFB38D009AD741 /* PinJump.json */ = {isa = PBXFileReference; fileEncoding = 4; lastKnownFileType = text.json; path = PinJump.json; sourceTree = "<group>"; };
		643CE8B924BFB38D009AD741 /* DisableNodesTest.json */ = {isa = PBXFileReference; fileEncoding = 4; lastKnownFileType = text.json; path = DisableNodesTest.json; sourceTree = "<group>"; };
		643CE8BA24BFB38D009AD741 /* LottieLogo1_masked.json */ = {isa = PBXFileReference; fileEncoding = 4; lastKnownFileType = text.json; path = LottieLogo1_masked.json; sourceTree = "<group>"; };
		643CE8BB24BFB38D009AD741 /* timeremap.json */ = {isa = PBXFileReference; fileEncoding = 4; lastKnownFileType = text.json; path = timeremap.json; sourceTree = "<group>"; };
		643CE8F324BFB69A009AD741 /* LottieView.swift */ = {isa = PBXFileReference; lastKnownFileType = sourcecode.swift; path = LottieView.swift; sourceTree = "<group>"; };
		643E9F7424D432C500B89340 /* PrecautionsView.swift */ = {isa = PBXFileReference; lastKnownFileType = sourcecode.swift; path = PrecautionsView.swift; sourceTree = "<group>"; };
		643E9F7624D4424700B89340 /* SettingsView.swift */ = {isa = PBXFileReference; lastKnownFileType = sourcecode.swift; path = SettingsView.swift; sourceTree = "<group>"; };
		646C0DB3256B1508004B1871 /* BackgroundSubView.swift */ = {isa = PBXFileReference; lastKnownFileType = sourcecode.swift; path = BackgroundSubView.swift; sourceTree = "<group>"; };
		647526B624C6386B00196D60 /* 17856-defender-coronavirus.json */ = {isa = PBXFileReference; fileEncoding = 4; lastKnownFileType = text.json; path = "17856-defender-coronavirus.json"; sourceTree = "<group>"; };
		6497DB9D24C6274F007309BF /* 21163-washing-hands.json */ = {isa = PBXFileReference; fileEncoding = 4; lastKnownFileType = text.json; path = "21163-washing-hands.json"; sourceTree = "<group>"; };
		649ED2C024BF03CE00769554 /* CoVid.app */ = {isa = PBXFileReference; explicitFileType = wrapper.application; includeInIndex = 0; path = CoVid.app; sourceTree = BUILT_PRODUCTS_DIR; };
		649ED2C324BF03CE00769554 /* AppDelegate.swift */ = {isa = PBXFileReference; lastKnownFileType = sourcecode.swift; path = AppDelegate.swift; sourceTree = "<group>"; };
		649ED2C524BF03CE00769554 /* SceneDelegate.swift */ = {isa = PBXFileReference; lastKnownFileType = sourcecode.swift; path = SceneDelegate.swift; sourceTree = "<group>"; };
		649ED2C724BF03CE00769554 /* ContentView.swift */ = {isa = PBXFileReference; lastKnownFileType = sourcecode.swift; path = ContentView.swift; sourceTree = "<group>"; };
		649ED2C924BF03CF00769554 /* Assets.xcassets */ = {isa = PBXFileReference; lastKnownFileType = folder.assetcatalog; path = Assets.xcassets; sourceTree = "<group>"; };
		649ED2CC24BF03CF00769554 /* Preview Assets.xcassets */ = {isa = PBXFileReference; lastKnownFileType = folder.assetcatalog; path = "Preview Assets.xcassets"; sourceTree = "<group>"; };
		649ED2CF24BF03CF00769554 /* Base */ = {isa = PBXFileReference; lastKnownFileType = file.storyboard; name = Base; path = Base.lproj/LaunchScreen.storyboard; sourceTree = "<group>"; };
		649ED2D124BF03CF00769554 /* Info.plist */ = {isa = PBXFileReference; lastKnownFileType = text.plist.xml; path = Info.plist; sourceTree = "<group>"; };
		64AA912D257DA4880068DB1C /* CoVid.entitlements */ = {isa = PBXFileReference; lastKnownFileType = text.plist.entitlements; path = CoVid.entitlements; sourceTree = "<group>"; };
		64CF873924C61CDA0080BCC9 /* 19823-stay-home.json */ = {isa = PBXFileReference; fileEncoding = 4; lastKnownFileType = text.json; path = "19823-stay-home.json"; sourceTree = "<group>"; };
		64CF873B24C620E80080BCC9 /* 18939-soap-vs-coronavirus.json */ = {isa = PBXFileReference; fileEncoding = 4; lastKnownFileType = text.json; path = "18939-soap-vs-coronavirus.json"; sourceTree = "<group>"; };
		64CF90B524C10B2E0043D2B5 /* 17801-stay-at-home.json */ = {isa = PBXFileReference; fileEncoding = 4; lastKnownFileType = text.json; path = "17801-stay-at-home.json"; sourceTree = "<group>"; };
		64E90E4F24C135A20074DEE2 /* StartupView.swift */ = {isa = PBXFileReference; lastKnownFileType = sourcecode.swift; path = StartupView.swift; sourceTree = "<group>"; };
		64E90E5124C14F9E0074DEE2 /* 17699-covid-19.json 00-32-22-391.json */ = {isa = PBXFileReference; fileEncoding = 4; lastKnownFileType = text.json; path = "17699-covid-19.json 00-32-22-391.json"; sourceTree = "<group>"; };
		64E90E5324C151F40074DEE2 /* 26904-world.json */ = {isa = PBXFileReference; fileEncoding = 4; lastKnownFileType = text.json; path = "26904-world.json"; sourceTree = "<group>"; };
		64F59B9124BFC2A5005729D0 /* 20546-i-stay-at-home.json */ = {isa = PBXFileReference; fileEncoding = 4; lastKnownFileType = text.json; path = "20546-i-stay-at-home.json"; sourceTree = "<group>"; };
/* End PBXFileReference section */

/* Begin PBXFrameworksBuildPhase section */
		649ED2BD24BF03CE00769554 /* Frameworks */ = {
			isa = PBXFrameworksBuildPhase;
			buildActionMask = 2147483647;
			files = (
				643CE88224BFB278009AD741 /* Lottie in Frameworks */,
			);
			runOnlyForDeploymentPostprocessing = 0;
		};
/* End PBXFrameworksBuildPhase section */

/* Begin PBXGroup section */
		643CE88324BFB38D009AD741 /* TestAnimations */ = {
			isa = PBXGroup;
			children = (
				647526B624C6386B00196D60 /* 17856-defender-coronavirus.json */,
				6497DB9D24C6274F007309BF /* 21163-washing-hands.json */,
				64CF873B24C620E80080BCC9 /* 18939-soap-vs-coronavirus.json */,
				64CF873924C61CDA0080BCC9 /* 19823-stay-home.json */,
				64E90E5324C151F40074DEE2 /* 26904-world.json */,
				64E90E5124C14F9E0074DEE2 /* 17699-covid-19.json 00-32-22-391.json */,
				64CF90B524C10B2E0043D2B5 /* 17801-stay-at-home.json */,
				64F59B9124BFC2A5005729D0 /* 20546-i-stay-at-home.json */,
				643CE88424BFB38D009AD741 /* Switch.json */,
				643CE88524BFB38D009AD741 /* TwitterHeart.json */,
				643CE88624BFB38D009AD741 /* 9squares-AlBoardman.json */,
				643CE88724BFB38D009AD741 /* MotionCorpse-Jrcanest.json */,
				643CE88824BFB38D009AD741 /* TwitterHeartButton.json */,
				643CE88924BFB38D009AD741 /* TypeFace */,
				643CE8A824BFB38D009AD741 /* HamburgerArrow.json */,
				643CE8A924BFB38D009AD741 /* vcTransition1.json */,
				643CE8AA24BFB38D009AD741 /* LottieLogo2.json */,
				643CE8AB24BFB38D009AD741 /* Boat_Loader.json */,
				643CE8AC24BFB38D009AD741 /* GeometryTransformTest.json */,
				643CE8AD24BFB38D009AD741 /* Watermelon.json */,
				643CE8AE24BFB38D009AD741 /* Keypath.json */,
				643CE8AF24BFB38D009AD741 /* IconTransitions.json */,
				643CE8B024BFB38D009AD741 /* vcTransition2.json */,
				643CE8B124BFB38D009AD741 /* LottieLogo1.json */,
				643CE8B224BFB38D009AD741 /* base64Test.json */,
				643CE8B324BFB38D009AD741 /* Switch_States.json */,
				643CE8B424BFB38D009AD741 /* FirstText.json */,
				643CE8B524BFB38D009AD741 /* setValueTest.json */,
				643CE8B624BFB38D009AD741 /* Zoom.json */,
				643CE8B724BFB38D009AD741 /* keypathTest.json */,
				643CE8B824BFB38D009AD741 /* PinJump.json */,
				643CE8B924BFB38D009AD741 /* DisableNodesTest.json */,
				643CE8BA24BFB38D009AD741 /* LottieLogo1_masked.json */,
				643CE8BB24BFB38D009AD741 /* timeremap.json */,
			);
			path = TestAnimations;
			sourceTree = "<group>";
		};
		643CE88924BFB38D009AD741 /* TypeFace */ = {
			isa = PBXGroup;
			children = (
				643CE88A24BFB38D009AD741 /* T.json */,
				643CE88B24BFB38D009AD741 /* A.json */,
				643CE88C24BFB38D009AD741 /* X.json */,
				643CE88D24BFB38D009AD741 /* BlinkingCursor.json */,
				643CE88E24BFB38D009AD741 /* M.json */,
				643CE88F24BFB38D009AD741 /* L.json */,
				643CE89024BFB38D009AD741 /* Y.json */,
				643CE89124BFB38D009AD741 /* U.json */,
				643CE89224BFB38D009AD741 /* K.json */,
				643CE89324BFB38D009AD741 /* R.json */,
				643CE89424BFB38D009AD741 /* G.json */,
				643CE89524BFB38D009AD741 /* F.json */,
				643CE89624BFB38D009AD741 /* S.json */,
				643CE89724BFB38D009AD741 /* J.json */,
				643CE89824BFB38D009AD741 /* I.json */,
				643CE89924BFB38D009AD741 /* E.json */,
				643CE89A24BFB38D009AD741 /* Apostrophe.json */,
				643CE89B24BFB38D009AD741 /* P.json */,
				643CE89C24BFB38D009AD741 /* Q.json */,
				643CE89D24BFB38D009AD741 /* D.json */,
				643CE89E24BFB38D009AD741 /* Colon.json */,
				643CE89F24BFB38D009AD741 /* H.json */,
				643CE8A024BFB38D009AD741 /* C.json */,
				643CE8A124BFB38D009AD741 /* V.json */,
				643CE8A224BFB38D009AD741 /* Comma.json */,
				643CE8A324BFB38D009AD741 /* O.json */,
				643CE8A424BFB38D009AD741 /* Z.json */,
				643CE8A524BFB38D009AD741 /* N.json */,
				643CE8A624BFB38D009AD741 /* W.json */,
				643CE8A724BFB38D009AD741 /* B.json */,
			);
			path = TypeFace;
			sourceTree = "<group>";
		};
		649ED2B724BF03CD00769554 = {
			isa = PBXGroup;
			children = (
				649ED2C224BF03CE00769554 /* CoVid */,
				649ED2C124BF03CE00769554 /* Products */,
			);
			sourceTree = "<group>";
		};
		649ED2C124BF03CE00769554 /* Products */ = {
			isa = PBXGroup;
			children = (
				649ED2C024BF03CE00769554 /* CoVid.app */,
			);
			name = Products;
			sourceTree = "<group>";
		};
		649ED2C224BF03CE00769554 /* CoVid */ = {
			isa = PBXGroup;
			children = (
				64AA912D257DA4880068DB1C /* CoVid.entitlements */,
				649ED2C324BF03CE00769554 /* AppDelegate.swift */,
				649ED2C524BF03CE00769554 /* SceneDelegate.swift */,
				649ED2C724BF03CE00769554 /* ContentView.swift */,
				6404B092257B6C190093731A /* UserSettings.swift */,
				643E9F7624D4424700B89340 /* SettingsView.swift */,
				643E9F7424D432C500B89340 /* PrecautionsView.swift */,
				6433001524C8E66800A553A4 /* CountrySummaryView.swift */,
				646C0DB3256B1508004B1871 /* BackgroundSubView.swift */,
				64E90E4F24C135A20074DEE2 /* StartupView.swift */,
				643CE8F324BFB69A009AD741 /* LottieView.swift */,
				643CE87E24BF7CCA009AD741 /* BlurView.swift */,
				640318A224BF186200863F5A /* SummaryView.swift */,
				642369132569EA82009CEC44 /* RandomTipView.swift */,
				640318A024BF11FC00863F5A /* MyImageView.swift */,
				649ED2C924BF03CF00769554 /* Assets.xcassets */,
				643CE88324BFB38D009AD741 /* TestAnimations */,
				649ED2CE24BF03CF00769554 /* LaunchScreen.storyboard */,
				649ED2D124BF03CF00769554 /* Info.plist */,
				649ED2CB24BF03CF00769554 /* Preview Content */,
			);
			path = CoVid;
			sourceTree = "<group>";
		};
		649ED2CB24BF03CF00769554 /* Preview Content */ = {
			isa = PBXGroup;
			children = (
				649ED2CC24BF03CF00769554 /* Preview Assets.xcassets */,
			);
			path = "Preview Content";
			sourceTree = "<group>";
		};
/* End PBXGroup section */

/* Begin PBXNativeTarget section */
		649ED2BF24BF03CE00769554 /* CoVid */ = {
			isa = PBXNativeTarget;
			buildConfigurationList = 649ED2D424BF03CF00769554 /* Build configuration list for PBXNativeTarget "CoVid" */;
			buildPhases = (
				649ED2BC24BF03CE00769554 /* Sources */,
				649ED2BD24BF03CE00769554 /* Frameworks */,
				649ED2BE24BF03CE00769554 /* Resources */,
			);
			buildRules = (
			);
			dependencies = (
			);
			name = CoVid;
			packageProductDependencies = (
				643CE88124BFB278009AD741 /* Lottie */,
			);
			productName = CoVid;
			productReference = 649ED2C024BF03CE00769554 /* CoVid.app */;
			productType = "com.apple.product-type.application";
		};
/* End PBXNativeTarget section */

/* Begin PBXProject section */
		649ED2B824BF03CD00769554 /* Project object */ = {
			isa = PBXProject;
			attributes = {
				LastSwiftUpdateCheck = 1150;
				LastUpgradeCheck = 1220;
				ORGANIZATIONNAME = "Linda Zungu";
				TargetAttributes = {
					649ED2BF24BF03CE00769554 = {
						CreatedOnToolsVersion = 11.5;
					};
				};
			};
			buildConfigurationList = 649ED2BB24BF03CD00769554 /* Build configuration list for PBXProject "CoVid" */;
			compatibilityVersion = "Xcode 9.3";
			developmentRegion = en;
			hasScannedForEncodings = 0;
			knownRegions = (
				en,
				Base,
			);
			mainGroup = 649ED2B724BF03CD00769554;
			packageReferences = (
				643CE88024BFB278009AD741 /* XCRemoteSwiftPackageReference "lottie-ios" */,
			);
			productRefGroup = 649ED2C124BF03CE00769554 /* Products */;
			projectDirPath = "";
			projectRoot = "";
			targets = (
				649ED2BF24BF03CE00769554 /* CoVid */,
			);
		};
/* End PBXProject section */

/* Begin PBXResourcesBuildPhase section */
		649ED2BE24BF03CE00769554 /* Resources */ = {
			isa = PBXResourcesBuildPhase;
			buildActionMask = 2147483647;
			files = (
				643CE8D624BFB38D009AD741 /* H.json in Resources */,
				643CE8DA24BFB38D009AD741 /* O.json in Resources */,
				643CE8D924BFB38D009AD741 /* Comma.json in Resources */,
				643CE8D224BFB38D009AD741 /* P.json in Resources */,
				643CE8CC24BFB38D009AD741 /* F.json in Resources */,
				643CE8C524BFB38D009AD741 /* M.json in Resources */,
				643CE8D824BFB38D009AD741 /* V.json in Resources */,
				64CF873A24C61CDA0080BCC9 /* 19823-stay-home.json in Resources */,
				643CE8E124BFB38D009AD741 /* LottieLogo2.json in Resources */,
				649ED2D024BF03CF00769554 /* LaunchScreen.storyboard in Resources */,
				643CE8D024BFB38D009AD741 /* E.json in Resources */,
				64F59B9224BFC2A5005729D0 /* 20546-i-stay-at-home.json in Resources */,
				643CE8F024BFB38D009AD741 /* DisableNodesTest.json in Resources */,
				643CE8DD24BFB38D009AD741 /* W.json in Resources */,
				64CF90B624C10B2E0043D2B5 /* 17801-stay-at-home.json in Resources */,
				643CE8BF24BFB38D009AD741 /* MotionCorpse-Jrcanest.json in Resources */,
				6497DB9E24C6274F007309BF /* 21163-washing-hands.json in Resources */,
				643CE8EF24BFB38D009AD741 /* PinJump.json in Resources */,
				643CE8C824BFB38D009AD741 /* U.json in Resources */,
				643CE8CA24BFB38D009AD741 /* R.json in Resources */,
				643CE8EC24BFB38D009AD741 /* setValueTest.json in Resources */,
				643CE8D124BFB38D009AD741 /* Apostrophe.json in Resources */,
				643CE8ED24BFB38D009AD741 /* Zoom.json in Resources */,
				64E90E5224C14F9E0074DEE2 /* 17699-covid-19.json 00-32-22-391.json in Resources */,
				643CE8E624BFB38D009AD741 /* IconTransitions.json in Resources */,
				643CE8D324BFB38D009AD741 /* Q.json in Resources */,
				643CE8DF24BFB38D009AD741 /* HamburgerArrow.json in Resources */,
				643CE8E424BFB38D009AD741 /* Watermelon.json in Resources */,
				643CE8CB24BFB38D009AD741 /* G.json in Resources */,
				643CE8E224BFB38D009AD741 /* Boat_Loader.json in Resources */,
				647526B724C6386B00196D60 /* 17856-defender-coronavirus.json in Resources */,
				64CF873C24C620E80080BCC9 /* 18939-soap-vs-coronavirus.json in Resources */,
				643CE8EA24BFB38D009AD741 /* Switch_States.json in Resources */,
				643CE8C024BFB38D009AD741 /* TwitterHeartButton.json in Resources */,
				643CE8E724BFB38D009AD741 /* vcTransition2.json in Resources */,
				643CE8EE24BFB38D009AD741 /* keypathTest.json in Resources */,
				643CE8C124BFB38D009AD741 /* T.json in Resources */,
				64E90E5424C151F40074DEE2 /* 26904-world.json in Resources */,
				643CE8E924BFB38D009AD741 /* base64Test.json in Resources */,
				643CE8DE24BFB38D009AD741 /* B.json in Resources */,
				643CE8C724BFB38D009AD741 /* Y.json in Resources */,
				643CE8E524BFB38D009AD741 /* Keypath.json in Resources */,
				643CE8D424BFB38D009AD741 /* D.json in Resources */,
				643CE8BC24BFB38D009AD741 /* Switch.json in Resources */,
				643CE8F224BFB38D009AD741 /* timeremap.json in Resources */,
				643CE8DB24BFB38D009AD741 /* Z.json in Resources */,
				643CE8E324BFB38D009AD741 /* GeometryTransformTest.json in Resources */,
				643CE8EB24BFB38D009AD741 /* FirstText.json in Resources */,
				643CE8D724BFB38D009AD741 /* C.json in Resources */,
				643CE8C624BFB38D009AD741 /* L.json in Resources */,
				643CE8CE24BFB38D009AD741 /* J.json in Resources */,
				643CE8DC24BFB38D009AD741 /* N.json in Resources */,
				643CE8C224BFB38D009AD741 /* A.json in Resources */,
				643CE8F124BFB38D009AD741 /* LottieLogo1_masked.json in Resources */,
				643CE8BD24BFB38D009AD741 /* TwitterHeart.json in Resources */,
				643CE8C924BFB38D009AD741 /* K.json in Resources */,
				643CE8E024BFB38D009AD741 /* vcTransition1.json in Resources */,
				649ED2CD24BF03CF00769554 /* Preview Assets.xcassets in Resources */,
				643CE8CF24BFB38D009AD741 /* I.json in Resources */,
				649ED2CA24BF03CF00769554 /* Assets.xcassets in Resources */,
				643CE8C324BFB38D009AD741 /* X.json in Resources */,
				643CE8E824BFB38D009AD741 /* LottieLogo1.json in Resources */,
				643CE8BE24BFB38D009AD741 /* 9squares-AlBoardman.json in Resources */,
				643CE8C424BFB38D009AD741 /* BlinkingCursor.json in Resources */,
				643CE8D524BFB38D009AD741 /* Colon.json in Resources */,
				643CE8CD24BFB38D009AD741 /* S.json in Resources */,
			);
			runOnlyForDeploymentPostprocessing = 0;
		};
/* End PBXResourcesBuildPhase section */

/* Begin PBXSourcesBuildPhase section */
		649ED2BC24BF03CE00769554 /* Sources */ = {
			isa = PBXSourcesBuildPhase;
			buildActionMask = 2147483647;
			files = (
				640318A124BF11FC00863F5A /* MyImageView.swift in Sources */,
				646C0DB4256B1508004B1871 /* BackgroundSubView.swift in Sources */,
				649ED2C424BF03CE00769554 /* AppDelegate.swift in Sources */,
				64E90E5024C135A20074DEE2 /* StartupView.swift in Sources */,
				640318A324BF186200863F5A /* SummaryView.swift in Sources */,
				649ED2C624BF03CE00769554 /* SceneDelegate.swift in Sources */,
				643CE8F424BFB69A009AD741 /* LottieView.swift in Sources */,
				649ED2C824BF03CE00769554 /* ContentView.swift in Sources */,
				643CE87F24BF7CCA009AD741 /* BlurView.swift in Sources */,
				643E9F7524D432C500B89340 /* PrecautionsView.swift in Sources */,
				6433001624C8E66800A553A4 /* CountrySummaryView.swift in Sources */,
				6404B093257B6C190093731A /* UserSettings.swift in Sources */,
				643E9F7724D4424700B89340 /* SettingsView.swift in Sources */,
				642369142569EA82009CEC44 /* RandomTipView.swift in Sources */,
			);
			runOnlyForDeploymentPostprocessing = 0;
		};
/* End PBXSourcesBuildPhase section */

/* Begin PBXVariantGroup section */
		649ED2CE24BF03CF00769554 /* LaunchScreen.storyboard */ = {
			isa = PBXVariantGroup;
			children = (
				649ED2CF24BF03CF00769554 /* Base */,
			);
			name = LaunchScreen.storyboard;
			sourceTree = "<group>";
		};
/* End PBXVariantGroup section */

/* Begin XCBuildConfiguration section */
		649ED2D224BF03CF00769554 /* Debug */ = {
			isa = XCBuildConfiguration;
			buildSettings = {
				ALWAYS_SEARCH_USER_PATHS = NO;
				CLANG_ANALYZER_NONNULL = YES;
				CLANG_ANALYZER_NUMBER_OBJECT_CONVERSION = YES_AGGRESSIVE;
				CLANG_CXX_LANGUAGE_STANDARD = "gnu++14";
				CLANG_CXX_LIBRARY = "libc++";
				CLANG_ENABLE_MODULES = YES;
				CLANG_ENABLE_OBJC_ARC = YES;
				CLANG_ENABLE_OBJC_WEAK = YES;
				CLANG_WARN_BLOCK_CAPTURE_AUTORELEASING = YES;
				CLANG_WARN_BOOL_CONVERSION = YES;
				CLANG_WARN_COMMA = YES;
				CLANG_WARN_CONSTANT_CONVERSION = YES;
				CLANG_WARN_DEPRECATED_OBJC_IMPLEMENTATIONS = YES;
				CLANG_WARN_DIRECT_OBJC_ISA_USAGE = YES_ERROR;
				CLANG_WARN_DOCUMENTATION_COMMENTS = YES;
				CLANG_WARN_EMPTY_BODY = YES;
				CLANG_WARN_ENUM_CONVERSION = YES;
				CLANG_WARN_INFINITE_RECURSION = YES;
				CLANG_WARN_INT_CONVERSION = YES;
				CLANG_WARN_NON_LITERAL_NULL_CONVERSION = YES;
				CLANG_WARN_OBJC_IMPLICIT_RETAIN_SELF = YES;
				CLANG_WARN_OBJC_LITERAL_CONVERSION = YES;
				CLANG_WARN_OBJC_ROOT_CLASS = YES_ERROR;
				CLANG_WARN_QUOTED_INCLUDE_IN_FRAMEWORK_HEADER = YES;
				CLANG_WARN_RANGE_LOOP_ANALYSIS = YES;
				CLANG_WARN_STRICT_PROTOTYPES = YES;
				CLANG_WARN_SUSPICIOUS_MOVE = YES;
				CLANG_WARN_UNGUARDED_AVAILABILITY = YES_AGGRESSIVE;
				CLANG_WARN_UNREACHABLE_CODE = YES;
				CLANG_WARN__DUPLICATE_METHOD_MATCH = YES;
				COPY_PHASE_STRIP = NO;
				DEBUG_INFORMATION_FORMAT = dwarf;
				ENABLE_STRICT_OBJC_MSGSEND = YES;
				ENABLE_TESTABILITY = YES;
				GCC_C_LANGUAGE_STANDARD = gnu11;
				GCC_DYNAMIC_NO_PIC = NO;
				GCC_NO_COMMON_BLOCKS = YES;
				GCC_OPTIMIZATION_LEVEL = 0;
				GCC_PREPROCESSOR_DEFINITIONS = (
					"DEBUG=1",
					"$(inherited)",
				);
				GCC_WARN_64_TO_32_BIT_CONVERSION = YES;
				GCC_WARN_ABOUT_RETURN_TYPE = YES_ERROR;
				GCC_WARN_UNDECLARED_SELECTOR = YES;
				GCC_WARN_UNINITIALIZED_AUTOS = YES_AGGRESSIVE;
				GCC_WARN_UNUSED_FUNCTION = YES;
				GCC_WARN_UNUSED_VARIABLE = YES;
				IPHONEOS_DEPLOYMENT_TARGET = 13.5;
				MTL_ENABLE_DEBUG_INFO = INCLUDE_SOURCE;
				MTL_FAST_MATH = YES;
				ONLY_ACTIVE_ARCH = YES;
				SDKROOT = iphoneos;
				SWIFT_ACTIVE_COMPILATION_CONDITIONS = DEBUG;
				SWIFT_OPTIMIZATION_LEVEL = "-Onone";
			};
			name = Debug;
		};
		649ED2D324BF03CF00769554 /* Release */ = {
			isa = XCBuildConfiguration;
			buildSettings = {
				ALWAYS_SEARCH_USER_PATHS = NO;
				CLANG_ANALYZER_NONNULL = YES;
				CLANG_ANALYZER_NUMBER_OBJECT_CONVERSION = YES_AGGRESSIVE;
				CLANG_CXX_LANGUAGE_STANDARD = "gnu++14";
				CLANG_CXX_LIBRARY = "libc++";
				CLANG_ENABLE_MODULES = YES;
				CLANG_ENABLE_OBJC_ARC = YES;
				CLANG_ENABLE_OBJC_WEAK = YES;
				CLANG_WARN_BLOCK_CAPTURE_AUTORELEASING = YES;
				CLANG_WARN_BOOL_CONVERSION = YES;
				CLANG_WARN_COMMA = YES;
				CLANG_WARN_CONSTANT_CONVERSION = YES;
				CLANG_WARN_DEPRECATED_OBJC_IMPLEMENTATIONS = YES;
				CLANG_WARN_DIRECT_OBJC_ISA_USAGE = YES_ERROR;
				CLANG_WARN_DOCUMENTATION_COMMENTS = YES;
				CLANG_WARN_EMPTY_BODY = YES;
				CLANG_WARN_ENUM_CONVERSION = YES;
				CLANG_WARN_INFINITE_RECURSION = YES;
				CLANG_WARN_INT_CONVERSION = YES;
				CLANG_WARN_NON_LITERAL_NULL_CONVERSION = YES;
				CLANG_WARN_OBJC_IMPLICIT_RETAIN_SELF = YES;
				CLANG_WARN_OBJC_LITERAL_CONVERSION = YES;
				CLANG_WARN_OBJC_ROOT_CLASS = YES_ERROR;
				CLANG_WARN_QUOTED_INCLUDE_IN_FRAMEWORK_HEADER = YES;
				CLANG_WARN_RANGE_LOOP_ANALYSIS = YES;
				CLANG_WARN_STRICT_PROTOTYPES = YES;
				CLANG_WARN_SUSPICIOUS_MOVE = YES;
				CLANG_WARN_UNGUARDED_AVAILABILITY = YES_AGGRESSIVE;
				CLANG_WARN_UNREACHABLE_CODE = YES;
				CLANG_WARN__DUPLICATE_METHOD_MATCH = YES;
				COPY_PHASE_STRIP = NO;
				DEBUG_INFORMATION_FORMAT = "dwarf-with-dsym";
				ENABLE_NS_ASSERTIONS = NO;
				ENABLE_STRICT_OBJC_MSGSEND = YES;
				GCC_C_LANGUAGE_STANDARD = gnu11;
				GCC_NO_COMMON_BLOCKS = YES;
				GCC_WARN_64_TO_32_BIT_CONVERSION = YES;
				GCC_WARN_ABOUT_RETURN_TYPE = YES_ERROR;
				GCC_WARN_UNDECLARED_SELECTOR = YES;
				GCC_WARN_UNINITIALIZED_AUTOS = YES_AGGRESSIVE;
				GCC_WARN_UNUSED_FUNCTION = YES;
				GCC_WARN_UNUSED_VARIABLE = YES;
				IPHONEOS_DEPLOYMENT_TARGET = 13.5;
				MTL_ENABLE_DEBUG_INFO = NO;
				MTL_FAST_MATH = YES;
				SDKROOT = iphoneos;
				SWIFT_COMPILATION_MODE = wholemodule;
				SWIFT_OPTIMIZATION_LEVEL = "-O";
				VALIDATE_PRODUCT = YES;
			};
			name = Release;
		};
		649ED2D524BF03CF00769554 /* Debug */ = {
			isa = XCBuildConfiguration;
			buildSettings = {
				ASSETCATALOG_COMPILER_APPICON_NAME = AppIcon;
				CODE_SIGN_ENTITLEMENTS = CoVid/CoVid.entitlements;
				CODE_SIGN_STYLE = Automatic;
				DEVELOPMENT_ASSET_PATHS = "\"CoVid/Preview Content\"";
				DEVELOPMENT_TEAM = LH25QTPT7B;
				ENABLE_PREVIEWS = YES;
				INFOPLIST_FILE = CoVid/Info.plist;
				IPHONEOS_DEPLOYMENT_TARGET = 14.2;
				LD_RUNPATH_SEARCH_PATHS = (
					"$(inherited)",
					"@executable_path/Frameworks",
				);
				PRODUCT_BUNDLE_IDENTIFIER = "Linda-Zungu.CoVid";
				PRODUCT_NAME = "$(TARGET_NAME)";
				SUPPORTS_MACCATALYST = NO;
				SWIFT_VERSION = 5.0;
				TARGETED_DEVICE_FAMILY = "1,2";
			};
			name = Debug;
		};
		649ED2D624BF03CF00769554 /* Release */ = {
			isa = XCBuildConfiguration;
			buildSettings = {
				ASSETCATALOG_COMPILER_APPICON_NAME = AppIcon;
				CODE_SIGN_ENTITLEMENTS = CoVid/CoVid.entitlements;
				CODE_SIGN_STYLE = Automatic;
				DEVELOPMENT_ASSET_PATHS = "\"CoVid/Preview Content\"";
				DEVELOPMENT_TEAM = LH25QTPT7B;
				ENABLE_PREVIEWS = YES;
				INFOPLIST_FILE = CoVid/Info.plist;
				IPHONEOS_DEPLOYMENT_TARGET = 14.2;
				LD_RUNPATH_SEARCH_PATHS = (
					"$(inherited)",
					"@executable_path/Frameworks",
				);
				PRODUCT_BUNDLE_IDENTIFIER = "Linda-Zungu.CoVid";
				PRODUCT_NAME = "$(TARGET_NAME)";
				SUPPORTS_MACCATALYST = NO;
				SWIFT_VERSION = 5.0;
				TARGETED_DEVICE_FAMILY = "1,2";
			};
			name = Release;
		};
/* End XCBuildConfiguration section */

/* Begin XCConfigurationList section */
		649ED2BB24BF03CD00769554 /* Build configuration list for PBXProject "CoVid" */ = {
			isa = XCConfigurationList;
			buildConfigurations = (
				649ED2D224BF03CF00769554 /* Debug */,
				649ED2D324BF03CF00769554 /* Release */,
			);
			defaultConfigurationIsVisible = 0;
			defaultConfigurationName = Release;
		};
		649ED2D424BF03CF00769554 /* Build configuration list for PBXNativeTarget "CoVid" */ = {
			isa = XCConfigurationList;
			buildConfigurations = (
				649ED2D524BF03CF00769554 /* Debug */,
				649ED2D624BF03CF00769554 /* Release */,
			);
			defaultConfigurationIsVisible = 0;
			defaultConfigurationName = Release;
		};
/* End XCConfigurationList section */

/* Begin XCRemoteSwiftPackageReference section */
		643CE88024BFB278009AD741 /* XCRemoteSwiftPackageReference "lottie-ios" */ = {
			isa = XCRemoteSwiftPackageReference;
			repositoryURL = "https://github.com/airbnb/lottie-ios.git";
			requirement = {
				kind = upToNextMajorVersion;
				minimumVersion = 3.1.8;
			};
		};
/* End XCRemoteSwiftPackageReference section */

/* Begin XCSwiftPackageProductDependency section */
		643CE88124BFB278009AD741 /* Lottie */ = {
			isa = XCSwiftPackageProductDependency;
			package = 643CE88024BFB278009AD741 /* XCRemoteSwiftPackageReference "lottie-ios" */;
			productName = Lottie;
		};
/* End XCSwiftPackageProductDependency section */
	};
	rootObject = 649ED2B824BF03CD00769554 /* Project object */;
}
